
Microsoft Visual Studio Solution File, Format Version 12.00
# Visual Studio Version 17
VisualStudioVersion = 17.7.34221.43
MinimumVisualStudioVersion = 10.0.40219.1
Project("{FAE04EC0-301F-11D3-BF4B-00C04F79EFBC}") = "sapmletask", "sapmletask\sapmletask.csproj", "{A43CBC3C-17A2-411E-9372-A4F035D44D36}"
EndProject
Global
	GlobalSection(SolutionConfigurationPlatforms) = preSolution
		Debug|Any CPU = Debug|Any CPU
		Release|Any CPU = Release|Any CPU
	EndGlobalSection
	GlobalSection(ProjectConfigurationPlatforms) = postSolution
		{A43CBC3C-17A2-411E-9372-A4F035D44D36}.Debug|Any CPU.ActiveCfg = Debug|Any CPU
		{A43CBC3C-17A2-411E-9372-A4F035D44D36}.Debug|Any CPU.Build.0 = Debug|Any CPU
		{A43CBC3C-17A2-411E-9372-A4F035D44D36}.Release|Any CPU.ActiveCfg = Release|Any CPU
		{A43CBC3C-17A2-411E-9372-A4F035D44D36}.Release|Any CPU.Build.0 = Release|Any CPU
	EndGlobalSection
	GlobalSection(SolutionProperties) = preSolution
		HideSolutionNode = FALSE
	EndGlobalSection
	GlobalSection(ExtensibilityGlobals) = postSolution
		SolutionGuid = {E119808C-A5EC-421F-A2DA-6A310FEAC59C}
	EndGlobalSection
EndGlobal
